
Microsoft Visual Studio Solution File, Format Version 12.00
# Visual Studio Version 17
VisualStudioVersion = 17.0.31903.59
MinimumVisualStudioVersion = 10.0.40219.1
Project("{2150E333-8FDC-42A3-9474-1A3956D46DE8}") = "src", "src", "{2260B91A-A2E3-473F-BE5A-0CEF748FAE5E}"
EndProject
Project("{FAE04EC0-301F-11D3-BF4B-00C04F79EFBC}") = "Tarefas.Web", "src\Tarefas.Web\Tarefas.Web.csproj", "{5F0D1357-AC3D-4149-9A87-324EC2D6138F}"
EndProject
Global
	GlobalSection(SolutionConfigurationPlatforms) = preSolution
		Debug|Any CPU = Debug|Any CPU
		Release|Any CPU = Release|Any CPU
	EndGlobalSection
	GlobalSection(SolutionProperties) = preSolution
		HideSolutionNode = FALSE
	EndGlobalSection
	GlobalSection(ProjectConfigurationPlatforms) = postSolution
		{5F0D1357-AC3D-4149-9A87-324EC2D6138F}.Debug|Any CPU.ActiveCfg = Debug|Any CPU
		{5F0D1357-AC3D-4149-9A87-324EC2D6138F}.Debug|Any CPU.Build.0 = Debug|Any CPU
		{5F0D1357-AC3D-4149-9A87-324EC2D6138F}.Release|Any CPU.ActiveCfg = Release|Any CPU
		{5F0D1357-AC3D-4149-9A87-324EC2D6138F}.Release|Any CPU.Build.0 = Release|Any CPU
	EndGlobalSection
	GlobalSection(NestedProjects) = preSolution
		{5F0D1357-AC3D-4149-9A87-324EC2D6138F} = {2260B91A-A2E3-473F-BE5A-0CEF748FAE5E}
	EndGlobalSection
EndGlobal
